
Microsoft Visual Studio Solution File, Format Version 12.00
# Visual Studio Version 17
VisualStudioVersion = 17.6.33723.286
MinimumVisualStudioVersion = 10.0.40219.1
Project("{9A19103F-16F7-4668-BE54-9A1E7A4F7556}") = "Vincent.OS.Shell", "Vincent.OS.Shell\Vincent.OS.Shell.csproj", "{AA3FD768-1655-4847-936D-78A02AC1AC35}"
EndProject
Project("{C7167F0D-BC9F-4E6E-AFE1-012C56B48DB5}") = "Vincent.OS.Shell.Package", "Vincent.OS.Shell.Package\Vincent.OS.Shell.Package.wapproj", "{F0F5F6E8-352E-41FD-8B3C-3316B33682D4}"
EndProject
Global
	GlobalSection(SolutionConfigurationPlatforms) = preSolution
		Debug|Any CPU = Debug|Any CPU
		Debug|ARM = Debug|ARM
		Debug|ARM64 = Debug|ARM64
		Debug|x64 = Debug|x64
		Debug|x86 = Debug|x86
		Release|Any CPU = Release|Any CPU
		Release|ARM = Release|ARM
		Release|ARM64 = Release|ARM64
		Release|x64 = Release|x64
		Release|x86 = Release|x86
	EndGlobalSection
	GlobalSection(ProjectConfigurationPlatforms) = postSolution
		{AA3FD768-1655-4847-936D-78A02AC1AC35}.Debug|Any CPU.ActiveCfg = Debug|Any CPU
		{AA3FD768-1655-4847-936D-78A02AC1AC35}.Debug|Any CPU.Build.0 = Debug|Any CPU
		{AA3FD768-1655-4847-936D-78A02AC1AC35}.Debug|ARM.ActiveCfg = Debug|Any CPU
		{AA3FD768-1655-4847-936D-78A02AC1AC35}.Debug|ARM.Build.0 = Debug|Any CPU
		{AA3FD768-1655-4847-936D-78A02AC1AC35}.Debug|ARM64.ActiveCfg = Debug|Any CPU
		{AA3FD768-1655-4847-936D-78A02AC1AC35}.Debug|ARM64.Build.0 = Debug|Any CPU
		{AA3FD768-1655-4847-936D-78A02AC1AC35}.Debug|x64.ActiveCfg = Debug|Any CPU
		{AA3FD768-1655-4847-936D-78A02AC1AC35}.Debug|x64.Build.0 = Debug|Any CPU
		{AA3FD768-1655-4847-936D-78A02AC1AC35}.Debug|x86.ActiveCfg = Debug|Any CPU
		{AA3FD768-1655-4847-936D-78A02AC1AC35}.Debug|x86.Build.0 = Debug|Any CPU
		{AA3FD768-1655-4847-936D-78A02AC1AC35}.Release|Any CPU.ActiveCfg = Release|Any CPU
		{AA3FD768-1655-4847-936D-78A02AC1AC35}.Release|Any CPU.Build.0 = Release|Any CPU
		{AA3FD768-1655-4847-936D-78A02AC1AC35}.Release|ARM.ActiveCfg = Release|Any CPU
		{AA3FD768-1655-4847-936D-78A02AC1AC35}.Release|ARM.Build.0 = Release|Any CPU
		{AA3FD768-1655-4847-936D-78A02AC1AC35}.Release|ARM64.ActiveCfg = Release|Any CPU
		{AA3FD768-1655-4847-936D-78A02AC1AC35}.Release|ARM64.Build.0 = Release|Any CPU
		{AA3FD768-1655-4847-936D-78A02AC1AC35}.Release|x64.ActiveCfg = Release|x64
		{AA3FD768-1655-4847-936D-78A02AC1AC35}.Release|x64.Build.0 = Release|x64
		{AA3FD768-1655-4847-936D-78A02AC1AC35}.Release|x86.ActiveCfg = Release|Any CPU
		{AA3FD768-1655-4847-936D-78A02AC1AC35}.Release|x86.Build.0 = Release|Any CPU
		{F0F5F6E8-352E-41FD-8B3C-3316B33682D4}.Debug|Any CPU.ActiveCfg = Debug|Any CPU
		{F0F5F6E8-352E-41FD-8B3C-3316B33682D4}.Debug|Any CPU.Build.0 = Debug|Any CPU
		{F0F5F6E8-352E-41FD-8B3C-3316B33682D4}.Debug|Any CPU.Deploy.0 = Debug|Any CPU
		{F0F5F6E8-352E-41FD-8B3C-3316B33682D4}.Debug|ARM.ActiveCfg = Debug|ARM
		{F0F5F6E8-352E-41FD-8B3C-3316B33682D4}.Debug|ARM.Build.0 = Debug|ARM
		{F0F5F6E8-352E-41FD-8B3C-3316B33682D4}.Debug|ARM.Deploy.0 = Debug|ARM
		{F0F5F6E8-352E-41FD-8B3C-3316B33682D4}.Debug|ARM64.ActiveCfg = Debug|ARM64
		{F0F5F6E8-352E-41FD-8B3C-3316B33682D4}.Debug|ARM64.Build.0 = Debug|ARM64
		{F0F5F6E8-352E-41FD-8B3C-3316B33682D4}.Debug|ARM64.Deploy.0 = Debug|ARM64
		{F0F5F6E8-352E-41FD-8B3C-3316B33682D4}.Debug|x64.ActiveCfg = Debug|x64
		{F0F5F6E8-352E-41FD-8B3C-3316B33682D4}.Debug|x64.Build.0 = Debug|x64
		{F0F5F6E8-352E-41FD-8B3C-3316B33682D4}.Debug|x64.Deploy.0 = Debug|x64
		{F0F5F6E8-352E-41FD-8B3C-3316B33682D4}.Debug|x86.ActiveCfg = Debug|x86
		{F0F5F6E8-352E-41FD-8B3C-3316B33682D4}.Debug|x86.Build.0 = Debug|x86
		{F0F5F6E8-352E-41FD-8B3C-3316B33682D4}.Debug|x86.Deploy.0 = Debug|x86
		{F0F5F6E8-352E-41FD-8B3C-3316B33682D4}.Release|Any CPU.ActiveCfg = Release|Any CPU
		{F0F5F6E8-352E-41FD-8B3C-3316B33682D4}.Release|Any CPU.Build.0 = Release|Any CPU
		{F0F5F6E8-352E-41FD-8B3C-3316B33682D4}.Release|Any CPU.Deploy.0 = Release|Any CPU
		{F0F5F6E8-352E-41FD-8B3C-3316B33682D4}.Release|ARM.ActiveCfg = Release|ARM
		{F0F5F6E8-352E-41FD-8B3C-3316B33682D4}.Release|ARM.Build.0 = Release|ARM
		{F0F5F6E8-352E-41FD-8B3C-3316B33682D4}.Release|ARM.Deploy.0 = Release|ARM
		{F0F5F6E8-352E-41FD-8B3C-3316B33682D4}.Release|ARM64.ActiveCfg = Release|ARM64
		{F0F5F6E8-352E-41FD-8B3C-3316B33682D4}.Release|ARM64.Build.0 = Release|ARM64
		{F0F5F6E8-352E-41FD-8B3C-3316B33682D4}.Release|ARM64.Deploy.0 = Release|ARM64
		{F0F5F6E8-352E-41FD-8B3C-3316B33682D4}.Release|x64.ActiveCfg = Release|x64
		{F0F5F6E8-352E-41FD-8B3C-3316B33682D4}.Release|x64.Build.0 = Release|x64
		{F0F5F6E8-352E-41FD-8B3C-3316B33682D4}.Release|x64.Deploy.0 = Release|x64
		{F0F5F6E8-352E-41FD-8B3C-3316B33682D4}.Release|x86.ActiveCfg = Release|x86
		{F0F5F6E8-352E-41FD-8B3C-3316B33682D4}.Release|x86.Build.0 = Release|x86
		{F0F5F6E8-352E-41FD-8B3C-3316B33682D4}.Release|x86.Deploy.0 = Release|x86
	EndGlobalSection
	GlobalSection(SolutionProperties) = preSolution
		HideSolutionNode = FALSE
	EndGlobalSection
	GlobalSection(ExtensibilityGlobals) = postSolution
		SolutionGuid = {CE3EFFB0-DB7F-4638-8ECB-D884B52C9522}
	EndGlobalSection
EndGlobal
